
Microsoft Visual Studio Solution File, Format Version 12.00
# Visual Studio Version 17
VisualStudioVersion = 17.2.32519.379
MinimumVisualStudioVersion = 10.0.40219.1
Project("{FAE04EC0-301F-11D3-BF4B-00C04F79EFBC}") = "ExtractInnexinc", "ExtractInnexinc\ExtractInnexinc.csproj", "{8F66E495-F06D-426D-9193-7B2CC67BC859}"
EndProject
Global
	GlobalSection(SolutionConfigurationPlatforms) = preSolution
		Debug|Any CPU = Debug|Any CPU
		Release|Any CPU = Release|Any CPU
	EndGlobalSection
	GlobalSection(ProjectConfigurationPlatforms) = postSolution
		{8F66E495-F06D-426D-9193-7B2CC67BC859}.Debug|Any CPU.ActiveCfg = Debug|Any CPU
		{8F66E495-F06D-426D-9193-7B2CC67BC859}.Debug|Any CPU.Build.0 = Debug|Any CPU
		{8F66E495-F06D-426D-9193-7B2CC67BC859}.Release|Any CPU.ActiveCfg = Release|Any CPU
		{8F66E495-F06D-426D-9193-7B2CC67BC859}.Release|Any CPU.Build.0 = Release|Any CPU
	EndGlobalSection
	GlobalSection(SolutionProperties) = preSolution
		HideSolutionNode = FALSE
	EndGlobalSection
	GlobalSection(ExtensibilityGlobals) = postSolution
		SolutionGuid = {F7CC6767-F56F-4E2D-AA4B-4573ECDFDBB4}
	EndGlobalSection
EndGlobal
